
Microsoft Visual Studio Solution File, Format Version 12.00
# Visual Studio 15
VisualStudioVersion = 15.0.28307.329
MinimumVisualStudioVersion = 10.0.40219.1
Project("{888888A0-9F3D-457C-B088-3A5042F75D52}") = "test_github", "test_github\test_github.pyproj", "{949A8871-9E52-46EE-A123-AF5E1E78F118}"
EndProject
Global
	GlobalSection(SolutionConfigurationPlatforms) = preSolution
		Debug|Any CPU = Debug|Any CPU
		Release|Any CPU = Release|Any CPU
	EndGlobalSection
	GlobalSection(ProjectConfigurationPlatforms) = postSolution
		{949A8871-9E52-46EE-A123-AF5E1E78F118}.Debug|Any CPU.ActiveCfg = Debug|Any CPU
		{949A8871-9E52-46EE-A123-AF5E1E78F118}.Release|Any CPU.ActiveCfg = Release|Any CPU
	EndGlobalSection
	GlobalSection(SolutionProperties) = preSolution
		HideSolutionNode = FALSE
	EndGlobalSection
	GlobalSection(ExtensibilityGlobals) = postSolution
		SolutionGuid = {22FD7AF0-DE5F-47A6-94FA-279AF1CBECA5}
	EndGlobalSection
EndGlobal
